
Microsoft Visual Studio Solution File, Format Version 12.00
# Visual Studio Version 17
VisualStudioVersion = 17.0.31912.275
MinimumVisualStudioVersion = 10.0.40219.1
Project("{FAE04EC0-301F-11D3-BF4B-00C04F79EFBC}") = "Tasks", "Tasks\Tasks.csproj", "{A38E6180-771E-4F33-A729-85240149B61C}"
EndProject
Global
	GlobalSection(SolutionConfigurationPlatforms) = preSolution
		Debug|Any CPU = Debug|Any CPU
		Release|Any CPU = Release|Any CPU
	EndGlobalSection
	GlobalSection(ProjectConfigurationPlatforms) = postSolution
		{A38E6180-771E-4F33-A729-85240149B61C}.Debug|Any CPU.ActiveCfg = Debug|Any CPU
		{A38E6180-771E-4F33-A729-85240149B61C}.Debug|Any CPU.Build.0 = Debug|Any CPU
		{A38E6180-771E-4F33-A729-85240149B61C}.Release|Any CPU.ActiveCfg = Release|Any CPU
		{A38E6180-771E-4F33-A729-85240149B61C}.Release|Any CPU.Build.0 = Release|Any CPU
	EndGlobalSection
	GlobalSection(SolutionProperties) = preSolution
		HideSolutionNode = FALSE
	EndGlobalSection
	GlobalSection(ExtensibilityGlobals) = postSolution
		SolutionGuid = {EBF7C675-B87D-4A87-9C5E-F1ECF29229B8}
	EndGlobalSection
EndGlobal
